// !$*UTF8*$!
{
	archiveVersion = 1;
	classes = {
	};
	objectVersion = 50;
	objects = {

/* Begin PBXBuildFile section */
		6A74E2DB267C626800838D21 /* AppDelegate.swift in Sources */ = {isa = PBXBuildFile; fileRef = 6A74E2DA267C626800838D21 /* AppDelegate.swift */; };
		6A74E2DD267C626800838D21 /* SceneDelegate.swift in Sources */ = {isa = PBXBuildFile; fileRef = 6A74E2DC267C626800838D21 /* SceneDelegate.swift */; };
		6A74E2DF267C626800838D21 /* ViewController.swift in Sources */ = {isa = PBXBuildFile; fileRef = 6A74E2DE267C626800838D21 /* ViewController.swift */; };
		6A74E2E2267C626800838D21 /* Main.storyboard in Resources */ = {isa = PBXBuildFile; fileRef = 6A74E2E0267C626800838D21 /* Main.storyboard */; };
		6A74E2E4267C626F00838D21 /* Assets.xcassets in Resources */ = {isa = PBXBuildFile; fileRef = 6A74E2E3267C626F00838D21 /* Assets.xcassets */; };
		6A74E2E7267C626F00838D21 /* LaunchScreen.storyboard in Resources */ = {isa = PBXBuildFile; fileRef = 6A74E2E5267C626F00838D21 /* LaunchScreen.storyboard */; };
		6A74E2F4267C655F00838D21 /* GoogleService-Info.plist in Resources */ = {isa = PBXBuildFile; fileRef = 6A74E2F3267C655F00838D21 /* GoogleService-Info.plist */; };
		E838F321D901D7023828C38E /* Pods_CustomEmailLogin.framework in Frameworks */ = {isa = PBXBuildFile; fileRef = BC6FC881741C05F0056DF133 /* Pods_CustomEmailLogin.framework */; };
/* End PBXBuildFile section */

/* Begin PBXFileReference section */
		055964AC17C7224D9D9B87AD /* Pods-CustomEmailLogin.release.xcconfig */ = {isa = PBXFileReference; includeInIndex = 1; lastKnownFileType = text.xcconfig; name = "Pods-CustomEmailLogin.release.xcconfig"; path = "Target Support Files/Pods-CustomEmailLogin/Pods-CustomEmailLogin.release.xcconfig"; sourceTree = "<group>"; };
		6A74E2D7267C626800838D21 /* CustomEmailLogin.app */ = {isa = PBXFileReference; explicitFileType = wrapper.application; includeInIndex = 0; path = CustomEmailLogin.app; sourceTree = BUILT_PRODUCTS_DIR; };
		6A74E2DA267C626800838D21 /* AppDelegate.swift */ = {isa = PBXFileReference; lastKnownFileType = sourcecode.swift; path = AppDelegate.swift; sourceTree = "<group>"; };
		6A74E2DC267C626800838D21 /* SceneDelegate.swift */ = {isa = PBXFileReference; lastKnownFileType = sourcecode.swift; path = SceneDelegate.swift; sourceTree = "<group>"; };
		6A74E2DE267C626800838D21 /* ViewController.swift */ = {isa = PBXFileReference; lastKnownFileType = sourcecode.swift; path = ViewController.swift; sourceTree = "<group>"; };
		6A74E2E1267C626800838D21 /* Base */ = {isa = PBXFileReference; lastKnownFileType = file.storyboard; name = Base; path = Base.lproj/Main.storyboard; sourceTree = "<group>"; };
		6A74E2E3267C626F00838D21 /* Assets.xcassets */ = {isa = PBXFileReference; lastKnownFileType = folder.assetcatalog; path = Assets.xcassets; sourceTree = "<group>"; };
		6A74E2E6267C626F00838D21 /* Base */ = {isa = PBXFileReference; lastKnownFileType = file.storyboard; name = Base; path = Base.lproj/LaunchScreen.storyboard; sourceTree = "<group>"; };
		6A74E2E8267C626F00838D21 /* Info.plist */ = {isa = PBXFileReference; lastKnownFileType = text.plist.xml; path = Info.plist; sourceTree = "<group>"; };
		6A74E2F3267C655F00838D21 /* GoogleService-Info.plist */ = {isa = PBXFileReference; fileEncoding = 4; lastKnownFileType = text.plist.xml; path = "GoogleService-Info.plist"; sourceTree = "<group>"; };
		BC6FC881741C05F0056DF133 /* Pods_CustomEmailLogin.framework */ = {isa = PBXFileReference; explicitFileType = wrapper.framework; includeInIndex = 0; path = Pods_CustomEmailLogin.framework; sourceTree = BUILT_PRODUCTS_DIR; };
		F58E2F0EE4E1CC949AF2AD73 /* Pods-CustomEmailLogin.debug.xcconfig */ = {isa = PBXFileReference; includeInIndex = 1; lastKnownFileType = text.xcconfig; name = "Pods-CustomEmailLogin.debug.xcconfig"; path = "Target Support Files/Pods-CustomEmailLogin/Pods-CustomEmailLogin.debug.xcconfig"; sourceTree = "<group>"; };
/* End PBXFileReference section */

/* Begin PBXFrameworksBuildPhase section */
		6A74E2D4267C626800838D21 /* Frameworks */ = {
			isa = PBXFrameworksBuildPhase;
			buildActionMask = 2147483647;
			files = (
				E838F321D901D7023828C38E /* Pods_CustomEmailLogin.framework in Frameworks */,
			);
			runOnlyForDeploymentPostprocessing = 0;
		};
/* End PBXFrameworksBuildPhase section */

/* Begin PBXGroup section */
		6A74E2CE267C626800838D21 = {
			isa = PBXGroup;
			children = (
				6A74E2D9267C626800838D21 /* CustomEmailLogin */,
				6A74E2D8267C626800838D21 /* Products */,
				DE08B80ECE28C379B6CCB110 /* Pods */,
				E8CED30C57F4CC43753A708E /* Frameworks */,
			);
			sourceTree = "<group>";
		};
		6A74E2D8267C626800838D21 /* Products */ = {
			isa = PBXGroup;
			children = (
				6A74E2D7267C626800838D21 /* CustomEmailLogin.app */,
			);
			name = Products;
			sourceTree = "<group>";
		};
		6A74E2D9267C626800838D21 /* CustomEmailLogin */ = {
			isa = PBXGroup;
			children = (
				6A74E2DA267C626800838D21 /* AppDelegate.swift */,
				6A74E2DC267C626800838D21 /* SceneDelegate.swift */,
				6A74E2DE267C626800838D21 /* ViewController.swift */,
				6A74E2E0267C626800838D21 /* Main.storyboard */,
				6A74E2E3267C626F00838D21 /* Assets.xcassets */,
				6A74E2E5267C626F00838D21 /* LaunchScreen.storyboard */,
				6A74E2E8267C626F00838D21 /* Info.plist */,
				6A74E2F3267C655F00838D21 /* GoogleService-Info.plist */,
			);
			path = CustomEmailLogin;
			sourceTree = "<group>";
		};
		DE08B80ECE28C379B6CCB110 /* Pods */ = {
			isa = PBXGroup;
			children = (
				F58E2F0EE4E1CC949AF2AD73 /* Pods-CustomEmailLogin.debug.xcconfig */,
				055964AC17C7224D9D9B87AD /* Pods-CustomEmailLogin.release.xcconfig */,
			);
			name = Pods;
			path = Pods;
			sourceTree = "<group>";
		};
		E8CED30C57F4CC43753A708E /* Frameworks */ = {
			isa = PBXGroup;
			children = (
				BC6FC881741C05F0056DF133 /* Pods_CustomEmailLogin.framework */,
			);
			name = Frameworks;
			sourceTree = "<group>";
		};
/* End PBXGroup section */

/* Begin PBXNativeTarget section */
		6A74E2D6267C626800838D21 /* CustomEmailLogin */ = {
			isa = PBXNativeTarget;
			buildConfigurationList = 6A74E2EB267C626F00838D21 /* Build configuration list for PBXNativeTarget "CustomEmailLogin" */;
			buildPhases = (
				3F36621A2ED15F8C85A6C17A /* [CP] Check Pods Manifest.lock */,
				6A74E2D3267C626800838D21 /* Sources */,
				6A74E2D4267C626800838D21 /* Frameworks */,
				6A74E2D5267C626800838D21 /* Resources */,
				1F928A96B2929EBA9101B56B /* [CP] Embed Pods Frameworks */,
			);
			buildRules = (
			);
			dependencies = (
			);
			name = CustomEmailLogin;
			productName = CustomEmailLogin;
			productReference = 6A74E2D7267C626800838D21 /* CustomEmailLogin.app */;
			productType = "com.apple.product-type.application";
		};
/* End PBXNativeTarget section */

/* Begin PBXProject section */
		6A74E2CF267C626800838D21 /* Project object */ = {
			isa = PBXProject;
			attributes = {
				LastSwiftUpdateCheck = 1240;
				LastUpgradeCheck = 1240;
				TargetAttributes = {
					6A74E2D6267C626800838D21 = {
						CreatedOnToolsVersion = 12.4;
					};
				};
			};
			buildConfigurationList = 6A74E2D2267C626800838D21 /* Build configuration list for PBXProject "CustomEmailLogin" */;
			compatibilityVersion = "Xcode 9.3";
			developmentRegion = en;
			hasScannedForEncodings = 0;
			knownRegions = (
				en,
				Base,
			);
			mainGroup = 6A74E2CE267C626800838D21;
			productRefGroup = 6A74E2D8267C626800838D21 /* Products */;
			projectDirPath = "";
			projectRoot = "";
			targets = (
				6A74E2D6267C626800838D21 /* CustomEmailLogin */,
			);
		};
/* End PBXProject section */

/* Begin PBXResourcesBuildPhase section */
		6A74E2D5267C626800838D21 /* Resources */ = {
			isa = PBXResourcesBuildPhase;
			buildActionMask = 2147483647;
			files = (
				6A74E2F4267C655F00838D21 /* GoogleService-Info.plist in Resources */,
				6A74E2E7267C626F00838D21 /* LaunchScreen.storyboard in Resources */,
				6A74E2E4267C626F00838D21 /* Assets.xcassets in Resources */,
				6A74E2E2267C626800838D21 /* Main.storyboard in Resources */,
			);
			runOnlyForDeploymentPostprocessing = 0;
		};
/* End PBXResourcesBuildPhase section */

/* Begin PBXShellScriptBuildPhase section */
		1F928A96B2929EBA9101B56B /* [CP] Embed Pods Frameworks */ = {
			isa = PBXShellScriptBuildPhase;
			buildActionMask = 2147483647;
			files = (
			);
			inputFileListPaths = (
				"${PODS_ROOT}/Target Support Files/Pods-CustomEmailLogin/Pods-CustomEmailLogin-frameworks-${CONFIGURATION}-input-files.xcfilelist",
			);
			name = "[CP] Embed Pods Frameworks";
			outputFileListPaths = (
				"${PODS_ROOT}/Target Support Files/Pods-CustomEmailLogin/Pods-CustomEmailLogin-frameworks-${CONFIGURATION}-output-files.xcfilelist",
			);
			runOnlyForDeploymentPostprocessing = 0;
			shellPath = /bin/sh;
			shellScript = "\"${PODS_ROOT}/Target Support Files/Pods-CustomEmailLogin/Pods-CustomEmailLogin-frameworks.sh\"\n";
			showEnvVarsInLog = 0;
		};
		3F36621A2ED15F8C85A6C17A /* [CP] Check Pods Manifest.lock */ = {
			isa = PBXShellScriptBuildPhase;
			buildActionMask = 2147483647;
			files = (
			);
			inputFileListPaths = (
			);
			inputPaths = (
				"${PODS_PODFILE_DIR_PATH}/Podfile.lock",
				"${PODS_ROOT}/Manifest.lock",
			);
			name = "[CP] Check Pods Manifest.lock";
			outputFileListPaths = (
			);
			outputPaths = (
				"$(DERIVED_FILE_DIR)/Pods-CustomEmailLogin-checkManifestLockResult.txt",
			);
			runOnlyForDeploymentPostprocessing = 0;
			shellPath = /bin/sh;
			shellScript = "diff \"${PODS_PODFILE_DIR_PATH}/Podfile.lock\" \"${PODS_ROOT}/Manifest.lock\" > /dev/null\nif [ $? != 0 ] ; then\n    # print error to STDERR\n    echo \"error: The sandbox is not in sync with the Podfile.lock. Run 'pod install' or update your CocoaPods installation.\" >&2\n    exit 1\nfi\n# This output is used by Xcode 'outputs' to avoid re-running this script phase.\necho \"SUCCESS\" > \"${SCRIPT_OUTPUT_FILE_0}\"\n";
			showEnvVarsInLog = 0;
		};
/* End PBXShellScriptBuildPhase section */

/* Begin PBXSourcesBuildPhase section */
		6A74E2D3267C626800838D21 /* Sources */ = {
			isa = PBXSourcesBuildPhase;
			buildActionMask = 2147483647;
			files = (
				6A74E2DF267C626800838D21 /* ViewController.swift in Sources */,
				6A74E2DB267C626800838D21 /* AppDelegate.swift in Sources */,
				6A74E2DD267C626800838D21 /* SceneDelegate.swift in Sources */,
			);
			runOnlyForDeploymentPostprocessing = 0;
		};
/* End PBXSourcesBuildPhase section */

/* Begin PBXVariantGroup section */
		6A74E2E0267C626800838D21 /* Main.storyboard */ = {
			isa = PBXVariantGroup;
			children = (
				6A74E2E1267C626800838D21 /* Base */,
			);
			name = Main.storyboard;
			sourceTree = "<group>";
		};
		6A74E2E5267C626F00838D21 /* LaunchScreen.storyboard */ = {
			isa = PBXVariantGroup;
			children = (
				6A74E2E6267C626F00838D21 /* Base */,
			);
			name = LaunchScreen.storyboard;
			sourceTree = "<group>";
		};
/* End PBXVariantGroup section */

/* Begin XCBuildConfiguration section */
		6A74E2E9267C626F00838D21 /* Debug */ = {
			isa = XCBuildConfiguration;
			buildSettings = {
				ALWAYS_SEARCH_USER_PATHS = NO;
				CLANG_ANALYZER_NONNULL = YES;
				CLANG_ANALYZER_NUMBER_OBJECT_CONVERSION = YES_AGGRESSIVE;
				CLANG_CXX_LANGUAGE_STANDARD = "gnu++14";
				CLANG_CXX_LIBRARY = "libc++";
				CLANG_ENABLE_MODULES = YES;
				CLANG_ENABLE_OBJC_ARC = YES;
				CLANG_ENABLE_OBJC_WEAK = YES;
				CLANG_WARN_BLOCK_CAPTURE_AUTORELEASING = YES;
				CLANG_WARN_BOOL_CONVERSION = YES;
				CLANG_WARN_COMMA = YES;
				CLANG_WARN_CONSTANT_CONVERSION = YES;
				CLANG_WARN_DEPRECATED_OBJC_IMPLEMENTATIONS = YES;
				CLANG_WARN_DIRECT_OBJC_ISA_USAGE = YES_ERROR;
				CLANG_WARN_DOCUMENTATION_COMMENTS = YES;
				CLANG_WARN_EMPTY_BODY = YES;
				CLANG_WARN_ENUM_CONVERSION = YES;
				CLANG_WARN_INFINITE_RECURSION = YES;
				CLANG_WARN_INT_CONVERSION = YES;
				CLANG_WARN_NON_LITERAL_NULL_CONVERSION = YES;
				CLANG_WARN_OBJC_IMPLICIT_RETAIN_SELF = YES;
				CLANG_WARN_OBJC_LITERAL_CONVERSION = YES;
				CLANG_WARN_OBJC_ROOT_CLASS = YES_ERROR;
				CLANG_WARN_QUOTED_INCLUDE_IN_FRAMEWORK_HEADER = YES;
				CLANG_WARN_RANGE_LOOP_ANALYSIS = YES;
				CLANG_WARN_STRICT_PROTOTYPES = YES;
				CLANG_WARN_SUSPICIOUS_MOVE = YES;
				CLANG_WARN_UNGUARDED_AVAILABILITY = YES_AGGRESSIVE;
				CLANG_WARN_UNREACHABLE_CODE = YES;
				CLANG_WARN__DUPLICATE_METHOD_MATCH = YES;
				COPY_PHASE_STRIP = NO;
				DEBUG_INFORMATION_FORMAT = dwarf;
				ENABLE_STRICT_OBJC_MSGSEND = YES;
				ENABLE_TESTABILITY = YES;
				GCC_C_LANGUAGE_STANDARD = gnu11;
				GCC_DYNAMIC_NO_PIC = NO;
				GCC_NO_COMMON_BLOCKS = YES;
				GCC_OPTIMIZATION_LEVEL = 0;
				GCC_PREPROCESSOR_DEFINITIONS = (
					"DEBUG=1",
					"$(inherited)",
				);
				GCC_WARN_64_TO_32_BIT_CONVERSION = YES;
				GCC_WARN_ABOUT_RETURN_TYPE = YES_ERROR;
				GCC_WARN_UNDECLARED_SELECTOR = YES;
				GCC_WARN_UNINITIALIZED_AUTOS = YES_AGGRESSIVE;
				GCC_WARN_UNUSED_FUNCTION = YES;
				GCC_WARN_UNUSED_VARIABLE = YES;
				IPHONEOS_DEPLOYMENT_TARGET = 14.4;
				MTL_ENABLE_DEBUG_INFO = INCLUDE_SOURCE;
				MTL_FAST_MATH = YES;
				ONLY_ACTIVE_ARCH = YES;
				SDKROOT = iphoneos;
				SWIFT_ACTIVE_COMPILATION_CONDITIONS = DEBUG;
				SWIFT_OPTIMIZATION_LEVEL = "-Onone";
			};
			name = Debug;
		};
		6A74E2EA267C626F00838D21 /* Release */ = {
			isa = XCBuildConfiguration;
			buildSettings = {
				ALWAYS_SEARCH_USER_PATHS = NO;
				CLANG_ANALYZER_NONNULL = YES;
				CLANG_ANALYZER_NUMBER_OBJECT_CONVERSION = YES_AGGRESSIVE;
				CLANG_CXX_LANGUAGE_STANDARD = "gnu++14";
				CLANG_CXX_LIBRARY = "libc++";
				CLANG_ENABLE_MODULES = YES;
				CLANG_ENABLE_OBJC_ARC = YES;
				CLANG_ENABLE_OBJC_WEAK = YES;
				CLANG_WARN_BLOCK_CAPTURE_AUTORELEASING = YES;
				CLANG_WARN_BOOL_CONVERSION = YES;
				CLANG_WARN_COMMA = YES;
				CLANG_WARN_CONSTANT_CONVERSION = YES;
				CLANG_WARN_DEPRECATED_OBJC_IMPLEMENTATIONS = YES;
				CLANG_WARN_DIRECT_OBJC_ISA_USAGE = YES_ERROR;
				CLANG_WARN_DOCUMENTATION_COMMENTS = YES;
				CLANG_WARN_EMPTY_BODY = YES;
				CLANG_WARN_ENUM_CONVERSION = YES;
				CLANG_WARN_INFINITE_RECURSION = YES;
				CLANG_WARN_INT_CONVERSION = YES;
				CLANG_WARN_NON_LITERAL_NULL_CONVERSION = YES;
				CLANG_WARN_OBJC_IMPLICIT_RETAIN_SELF = YES;
				CLANG_WARN_OBJC_LITERAL_CONVERSION = YES;
				CLANG_WARN_OBJC_ROOT_CLASS = YES_ERROR;
				CLANG_WARN_QUOTED_INCLUDE_IN_FRAMEWORK_HEADER = YES;
				CLANG_WARN_RANGE_LOOP_ANALYSIS = YES;
				CLANG_WARN_STRICT_PROTOTYPES = YES;
				CLANG_WARN_SUSPICIOUS_MOVE = YES;
				CLANG_WARN_UNGUARDED_AVAILABILITY = YES_AGGRESSIVE;
				CLANG_WARN_UNREACHABLE_CODE = YES;
				CLANG_WARN__DUPLICATE_METHOD_MATCH = YES;
				COPY_PHASE_STRIP = NO;
				DEBUG_INFORMATION_FORMAT = "dwarf-with-dsym";
				ENABLE_NS_ASSERTIONS = NO;
				ENABLE_STRICT_OBJC_MSGSEND = YES;
				GCC_C_LANGUAGE_STANDARD = gnu11;
				GCC_NO_COMMON_BLOCKS = YES;
				GCC_WARN_64_TO_32_BIT_CONVERSION = YES;
				GCC_WARN_ABOUT_RETURN_TYPE = YES_ERROR;
				GCC_WARN_UNDECLARED_SELECTOR = YES;
				GCC_WARN_UNINITIALIZED_AUTOS = YES_AGGRESSIVE;
				GCC_WARN_UNUSED_FUNCTION = YES;
				GCC_WARN_UNUSED_VARIABLE = YES;
				IPHONEOS_DEPLOYMENT_TARGET = 14.4;
				MTL_ENABLE_DEBUG_INFO = NO;
				MTL_FAST_MATH = YES;
				SDKROOT = iphoneos;
				SWIFT_COMPILATION_MODE = wholemodule;
				SWIFT_OPTIMIZATION_LEVEL = "-O";
				VALIDATE_PRODUCT = YES;
			};
			name = Release;
		};
		6A74E2EC267C626F00838D21 /* Debug */ = {
			isa = XCBuildConfiguration;
			baseConfigurationReference = F58E2F0EE4E1CC949AF2AD73 /* Pods-CustomEmailLogin.debug.xcconfig */;
			buildSettings = {
				ASSETCATALOG_COMPILER_APPICON_NAME = AppIcon;
				ASSETCATALOG_COMPILER_GLOBAL_ACCENT_COLOR_NAME = AccentColor;
				CODE_SIGN_STYLE = Automatic;
				DEVELOPMENT_TEAM = 6N9SS8F3PQ;
				INFOPLIST_FILE = CustomEmailLogin/Info.plist;
				LD_RUNPATH_SEARCH_PATHS = (
					"$(inherited)",
					"@executable_path/Frameworks",
				);
				PRODUCT_BUNDLE_IDENTIFIER = cs.abdou..CustomEmailLogin;
				PRODUCT_NAME = "$(TARGET_NAME)";
				SWIFT_VERSION = 5.0;
				TARGETED_DEVICE_FAMILY = "1,2";
			};
			name = Debug;
		};
		6A74E2ED267C626F00838D21 /* Release */ = {
			isa = XCBuildConfiguration;
			baseConfigurationReference = 055964AC17C7224D9D9B87AD /* Pods-CustomEmailLogin.release.xcconfig */;
			buildSettings = {
				ASSETCATALOG_COMPILER_APPICON_NAME = AppIcon;
				ASSETCATALOG_COMPILER_GLOBAL_ACCENT_COLOR_NAME = AccentColor;
				CODE_SIGN_STYLE = Automatic;
				DEVELOPMENT_TEAM = 6N9SS8F3PQ;
				INFOPLIST_FILE = CustomEmailLogin/Info.plist;
				LD_RUNPATH_SEARCH_PATHS = (
					"$(inherited)",
					"@executable_path/Frameworks",
				);
				PRODUCT_BUNDLE_IDENTIFIER = cs.abdou..CustomEmailLogin;
				PRODUCT_NAME = "$(TARGET_NAME)";
				SWIFT_VERSION = 5.0;
				TARGETED_DEVICE_FAMILY = "1,2";
			};
			name = Release;
		};
/* End XCBuildConfiguration section */

/* Begin XCConfigurationList section */
		6A74E2D2267C626800838D21 /* Build configuration list for PBXProject "CustomEmailLogin" */ = {
			isa = XCConfigurationList;
			buildConfigurations = (
				6A74E2E9267C626F00838D21 /* Debug */,
				6A74E2EA267C626F00838D21 /* Release */,
			);
			defaultConfigurationIsVisible = 0;
			defaultConfigurationName = Release;
		};
		6A74E2EB267C626F00838D21 /* Build configuration list for PBXNativeTarget "CustomEmailLogin" */ = {
			isa = XCConfigurationList;
			buildConfigurations = (
				6A74E2EC267C626F00838D21 /* Debug */,
				6A74E2ED267C626F00838D21 /* Release */,
			);
			defaultConfigurationIsVisible = 0;
			defaultConfigurationName = Release;
		};
/* End XCConfigurationList section */
	};
	rootObject = 6A74E2CF267C626800838D21 /* Project object */;
}
